
Microsoft Visual Studio Solution File, Format Version 12.00
# Visual Studio Version 17
VisualStudioVersion = 17.8.34330.188
MinimumVisualStudioVersion = 10.0.40219.1
Project("{FAE04EC0-301F-11D3-BF4B-00C04F79EFBC}") = "JsonToHtmlConversion", "JsonToHtmlConversion.csproj", "{2241350D-3351-4CBD-9C13-A982E3418C1F}"
EndProject
Global
	GlobalSection(SolutionConfigurationPlatforms) = preSolution
		Debug|Any CPU = Debug|Any CPU
		Release|Any CPU = Release|Any CPU
	EndGlobalSection
	GlobalSection(ProjectConfigurationPlatforms) = postSolution
		{2241350D-3351-4CBD-9C13-A982E3418C1F}.Debug|Any CPU.ActiveCfg = Debug|Any CPU
		{2241350D-3351-4CBD-9C13-A982E3418C1F}.Debug|Any CPU.Build.0 = Debug|Any CPU
		{2241350D-3351-4CBD-9C13-A982E3418C1F}.Release|Any CPU.ActiveCfg = Release|Any CPU
		{2241350D-3351-4CBD-9C13-A982E3418C1F}.Release|Any CPU.Build.0 = Release|Any CPU
	EndGlobalSection
	GlobalSection(SolutionProperties) = preSolution
		HideSolutionNode = FALSE
	EndGlobalSection
	GlobalSection(ExtensibilityGlobals) = postSolution
		SolutionGuid = {8392169C-6E9E-473E-971C-1E45B6CBD45B}
	EndGlobalSection
EndGlobal
